
Microsoft Visual Studio Solution File, Format Version 12.00
# Visual Studio Version 17
VisualStudioVersion = 17.10.34928.147
MinimumVisualStudioVersion = 10.0.40219.1
Project("{FAE04EC0-301F-11D3-BF4B-00C04F79EFBC}") = "PdfPigTest", "PdfPigTest\PdfPigTest.csproj", "{B604B402-2785-4133-9A6F-B2EBE603273A}"
EndProject
Project("{FAE04EC0-301F-11D3-BF4B-00C04F79EFBC}") = "PdfPigConsole", "PdfPigConsole\PdfPigConsole.csproj", "{A7F6BAF6-CF85-4201-B5D8-3DB6D0F082B4}"
EndProject
Global
	GlobalSection(SolutionConfigurationPlatforms) = preSolution
		Debug|Any CPU = Debug|Any CPU
		Release|Any CPU = Release|Any CPU
	EndGlobalSection
	GlobalSection(ProjectConfigurationPlatforms) = postSolution
		{B604B402-2785-4133-9A6F-B2EBE603273A}.Debug|Any CPU.ActiveCfg = Debug|Any CPU
		{B604B402-2785-4133-9A6F-B2EBE603273A}.Debug|Any CPU.Build.0 = Debug|Any CPU
		{B604B402-2785-4133-9A6F-B2EBE603273A}.Release|Any CPU.ActiveCfg = Release|Any CPU
		{B604B402-2785-4133-9A6F-B2EBE603273A}.Release|Any CPU.Build.0 = Release|Any CPU
		{A7F6BAF6-CF85-4201-B5D8-3DB6D0F082B4}.Debug|Any CPU.ActiveCfg = Debug|Any CPU
		{A7F6BAF6-CF85-4201-B5D8-3DB6D0F082B4}.Debug|Any CPU.Build.0 = Debug|Any CPU
		{A7F6BAF6-CF85-4201-B5D8-3DB6D0F082B4}.Release|Any CPU.ActiveCfg = Release|Any CPU
		{A7F6BAF6-CF85-4201-B5D8-3DB6D0F082B4}.Release|Any CPU.Build.0 = Release|Any CPU
	EndGlobalSection
	GlobalSection(SolutionProperties) = preSolution
		HideSolutionNode = FALSE
	EndGlobalSection
	GlobalSection(ExtensibilityGlobals) = postSolution
		SolutionGuid = {F8FEC465-784F-4A1E-B7A9-99916D69E88E}
	EndGlobalSection
EndGlobal
